// !$*UTF8*$!
{
	archiveVersion = 1;
	classes = {
	};
	objectVersion = 46;
	objects = {

/* Begin PBXBuildFile section */
		00AF44911BBB1CF200363F57 /* AppDelegate.swift in Sources */ = {isa = PBXBuildFile; fileRef = 00AF44901BBB1CF200363F57 /* AppDelegate.swift */; };
		00AF44931BBB1CF200363F57 /* ViewController.swift in Sources */ = {isa = PBXBuildFile; fileRef = 00AF44921BBB1CF200363F57 /* ViewController.swift */; };
		00AF44961BBB1CF200363F57 /* Main.storyboard in Resources */ = {isa = PBXBuildFile; fileRef = 00AF44941BBB1CF200363F57 /* Main.storyboard */; };
		00AF44981BBB1CF200363F57 /* Assets.xcassets in Resources */ = {isa = PBXBuildFile; fileRef = 00AF44971BBB1CF200363F57 /* Assets.xcassets */; };
		00AF449B1BBB1CF200363F57 /* LaunchScreen.storyboard in Resources */ = {isa = PBXBuildFile; fileRef = 00AF44991BBB1CF200363F57 /* LaunchScreen.storyboard */; };
		00AF44A31BBB232700363F57 /* BouncerBehavior.swift in Sources */ = {isa = PBXBuildFile; fileRef = 00AF44A21BBB232700363F57 /* BouncerBehavior.swift */; settings = {ASSET_TAGS = (); }; };
/* End PBXBuildFile section */

/* Begin PBXFileReference section */
		00AF448D1BBB1CF200363F57 /* Bouncer.app */ = {isa = PBXFileReference; explicitFileType = wrapper.application; includeInIndex = 0; path = Bouncer.app; sourceTree = BUILT_PRODUCTS_DIR; };
		00AF44901BBB1CF200363F57 /* AppDelegate.swift */ = {isa = PBXFileReference; lastKnownFileType = sourcecode.swift; path = AppDelegate.swift; sourceTree = "<group>"; };
		00AF44921BBB1CF200363F57 /* ViewController.swift */ = {isa = PBXFileReference; lastKnownFileType = sourcecode.swift; path = ViewController.swift; sourceTree = "<group>"; };
		00AF44951BBB1CF200363F57 /* Base */ = {isa = PBXFileReference; lastKnownFileType = file.storyboard; name = Base; path = Base.lproj/Main.storyboard; sourceTree = "<group>"; };
		00AF44971BBB1CF200363F57 /* Assets.xcassets */ = {isa = PBXFileReference; lastKnownFileType = folder.assetcatalog; path = Assets.xcassets; sourceTree = "<group>"; };
		00AF449A1BBB1CF200363F57 /* Base */ = {isa = PBXFileReference; lastKnownFileType = file.storyboard; name = Base; path = Base.lproj/LaunchScreen.storyboard; sourceTree = "<group>"; };
		00AF449C1BBB1CF200363F57 /* Info.plist */ = {isa = PBXFileReference; lastKnownFileType = text.plist.xml; path = Info.plist; sourceTree = "<group>"; };
		00AF44A21BBB232700363F57 /* BouncerBehavior.swift */ = {isa = PBXFileReference; fileEncoding = 4; lastKnownFileType = sourcecode.swift; path = BouncerBehavior.swift; sourceTree = "<group>"; };
/* End PBXFileReference section */

/* Begin PBXFrameworksBuildPhase section */
		00AF448A1BBB1CF200363F57 /* Frameworks */ = {
			isa = PBXFrameworksBuildPhase;
			buildActionMask = 2147483647;
			files = (
			);
			runOnlyForDeploymentPostprocessing = 0;
		};
/* End PBXFrameworksBuildPhase section */

/* Begin PBXGroup section */
		00AF44841BBB1CF200363F57 = {
			isa = PBXGroup;
			children = (
				00AF448F1BBB1CF200363F57 /* Bouncer */,
				00AF448E1BBB1CF200363F57 /* Products */,
			);
			sourceTree = "<group>";
		};
		00AF448E1BBB1CF200363F57 /* Products */ = {
			isa = PBXGroup;
			children = (
				00AF448D1BBB1CF200363F57 /* Bouncer.app */,
			);
			name = Products;
			sourceTree = "<group>";
		};
		00AF448F1BBB1CF200363F57 /* Bouncer */ = {
			isa = PBXGroup;
			children = (
				00AF44A21BBB232700363F57 /* BouncerBehavior.swift */,
				00AF44901BBB1CF200363F57 /* AppDelegate.swift */,
				00AF44921BBB1CF200363F57 /* ViewController.swift */,
				00AF44941BBB1CF200363F57 /* Main.storyboard */,
				00AF44971BBB1CF200363F57 /* Assets.xcassets */,
				00AF44991BBB1CF200363F57 /* LaunchScreen.storyboard */,
				00AF449C1BBB1CF200363F57 /* Info.plist */,
			);
			path = Bouncer;
			sourceTree = "<group>";
		};
/* End PBXGroup section */

/* Begin PBXNativeTarget section */
		00AF448C1BBB1CF200363F57 /* Bouncer */ = {
			isa = PBXNativeTarget;
			buildConfigurationList = 00AF449F1BBB1CF200363F57 /* Build configuration list for PBXNativeTarget "Bouncer" */;
			buildPhases = (
				00AF44891BBB1CF200363F57 /* Sources */,
				00AF448A1BBB1CF200363F57 /* Frameworks */,
				00AF448B1BBB1CF200363F57 /* Resources */,
			);
			buildRules = (
			);
			dependencies = (
			);
			name = Bouncer;
			productName = Bouncer;
			productReference = 00AF448D1BBB1CF200363F57 /* Bouncer.app */;
			productType = "com.apple.product-type.application";
		};
/* End PBXNativeTarget section */

/* Begin PBXProject section */
		00AF44851BBB1CF200363F57 /* Project object */ = {
			isa = PBXProject;
			attributes = {
				LastUpgradeCheck = 0700;
				ORGANIZATIONNAME = "Appliest LLC";
				TargetAttributes = {
					00AF448C1BBB1CF200363F57 = {
						CreatedOnToolsVersion = 7.0.1;
					};
				};
			};
			buildConfigurationList = 00AF44881BBB1CF200363F57 /* Build configuration list for PBXProject "Bouncer" */;
			compatibilityVersion = "Xcode 3.2";
			developmentRegion = English;
			hasScannedForEncodings = 0;
			knownRegions = (
				en,
				Base,
			);
			mainGroup = 00AF44841BBB1CF200363F57;
			productRefGroup = 00AF448E1BBB1CF200363F57 /* Products */;
			projectDirPath = "";
			projectRoot = "";
			targets = (
				00AF448C1BBB1CF200363F57 /* Bouncer */,
			);
		};
/* End PBXProject section */

/* Begin PBXResourcesBuildPhase section */
		00AF448B1BBB1CF200363F57 /* Resources */ = {
			isa = PBXResourcesBuildPhase;
			buildActionMask = 2147483647;
			files = (
				00AF449B1BBB1CF200363F57 /* LaunchScreen.storyboard in Resources */,
				00AF44981BBB1CF200363F57 /* Assets.xcassets in Resources */,
				00AF44961BBB1CF200363F57 /* Main.storyboard in Resources */,
			);
			runOnlyForDeploymentPostprocessing = 0;
		};
/* End PBXResourcesBuildPhase section */

/* Begin PBXSourcesBuildPhase section */
		00AF44891BBB1CF200363F57 /* Sources */ = {
			isa = PBXSourcesBuildPhase;
			buildActionMask = 2147483647;
			files = (
				00AF44931BBB1CF200363F57 /* ViewController.swift in Sources */,
				00AF44911BBB1CF200363F57 /* AppDelegate.swift in Sources */,
				00AF44A31BBB232700363F57 /* BouncerBehavior.swift in Sources */,
			);
			runOnlyForDeploymentPostprocessing = 0;
		};
/* End PBXSourcesBuildPhase section */

/* Begin PBXVariantGroup section */
		00AF44941BBB1CF200363F57 /* Main.storyboard */ = {
			isa = PBXVariantGroup;
			children = (
				00AF44951BBB1CF200363F57 /* Base */,
			);
			name = Main.storyboard;
			sourceTree = "<group>";
		};
		00AF44991BBB1CF200363F57 /* LaunchScreen.storyboard */ = {
			isa = PBXVariantGroup;
			children = (
				00AF449A1BBB1CF200363F57 /* Base */,
			);
			name = LaunchScreen.storyboard;
			sourceTree = "<group>";
		};
/* End PBXVariantGroup section */

/* Begin XCBuildConfiguration section */
		00AF449D1BBB1CF200363F57 /* Debug */ = {
			isa = XCBuildConfiguration;
			buildSettings = {
				ALWAYS_SEARCH_USER_PATHS = NO;
				CLANG_CXX_LANGUAGE_STANDARD = "gnu++0x";
				CLANG_CXX_LIBRARY = "libc++";
				CLANG_ENABLE_MODULES = YES;
				CLANG_ENABLE_OBJC_ARC = YES;
				CLANG_WARN_BOOL_CONVERSION = YES;
				CLANG_WARN_CONSTANT_CONVERSION = YES;
				CLANG_WARN_DIRECT_OBJC_ISA_USAGE = YES_ERROR;
				CLANG_WARN_EMPTY_BODY = YES;
				CLANG_WARN_ENUM_CONVERSION = YES;
				CLANG_WARN_INT_CONVERSION = YES;
				CLANG_WARN_OBJC_ROOT_CLASS = YES_ERROR;
				CLANG_WARN_UNREACHABLE_CODE = YES;
				CLANG_WARN__DUPLICATE_METHOD_MATCH = YES;
				"CODE_SIGN_IDENTITY[sdk=iphoneos*]" = "iPhone Developer";
				COPY_PHASE_STRIP = NO;
				DEBUG_INFORMATION_FORMAT = dwarf;
				ENABLE_STRICT_OBJC_MSGSEND = YES;
				ENABLE_TESTABILITY = YES;
				GCC_C_LANGUAGE_STANDARD = gnu99;
				GCC_DYNAMIC_NO_PIC = NO;
				GCC_NO_COMMON_BLOCKS = YES;
				GCC_OPTIMIZATION_LEVEL = 0;
				GCC_PREPROCESSOR_DEFINITIONS = (
					"DEBUG=1",
					"$(inherited)",
				);
				GCC_WARN_64_TO_32_BIT_CONVERSION = YES;
				GCC_WARN_ABOUT_RETURN_TYPE = YES_ERROR;
				GCC_WARN_UNDECLARED_SELECTOR = YES;
				GCC_WARN_UNINITIALIZED_AUTOS = YES_AGGRESSIVE;
				GCC_WARN_UNUSED_FUNCTION = YES;
				GCC_WARN_UNUSED_VARIABLE = YES;
				IPHONEOS_DEPLOYMENT_TARGET = 9.0;
				MTL_ENABLE_DEBUG_INFO = YES;
				ONLY_ACTIVE_ARCH = YES;
				SDKROOT = iphoneos;
				SWIFT_OPTIMIZATION_LEVEL = "-Onone";
			};
			name = Debug;
		};
		00AF449E1BBB1CF200363F57 /* Release */ = {
			isa = XCBuildConfiguration;
			buildSettings = {
				ALWAYS_SEARCH_USER_PATHS = NO;
				CLANG_CXX_LANGUAGE_STANDARD = "gnu++0x";
				CLANG_CXX_LIBRARY = "libc++";
				CLANG_ENABLE_MODULES = YES;
				CLANG_ENABLE_OBJC_ARC = YES;
				CLANG_WARN_BOOL_CONVERSION = YES;
				CLANG_WARN_CONSTANT_CONVERSION = YES;
				CLANG_WARN_DIRECT_OBJC_ISA_USAGE = YES_ERROR;
				CLANG_WARN_EMPTY_BODY = YES;
				CLANG_WARN_ENUM_CONVERSION = YES;
				CLANG_WARN_INT_CONVERSION = YES;
				CLANG_WARN_OBJC_ROOT_CLASS = YES_ERROR;
				CLANG_WARN_UNREACHABLE_CODE = YES;
				CLANG_WARN__DUPLICATE_METHOD_MATCH = YES;
				"CODE_SIGN_IDENTITY[sdk=iphoneos*]" = "iPhone Developer";
				COPY_PHASE_STRIP = NO;
				DEBUG_INFORMATION_FORMAT = "dwarf-with-dsym";
				ENABLE_NS_ASSERTIONS = NO;
				ENABLE_STRICT_OBJC_MSGSEND = YES;
				GCC_C_LANGUAGE_STANDARD = gnu99;
				GCC_NO_COMMON_BLOCKS = YES;
				GCC_WARN_64_TO_32_BIT_CONVERSION = YES;
				GCC_WARN_ABOUT_RETURN_TYPE = YES_ERROR;
				GCC_WARN_UNDECLARED_SELECTOR = YES;
				GCC_WARN_UNINITIALIZED_AUTOS = YES_AGGRESSIVE;
				GCC_WARN_UNUSED_FUNCTION = YES;
				GCC_WARN_UNUSED_VARIABLE = YES;
				IPHONEOS_DEPLOYMENT_TARGET = 9.0;
				MTL_ENABLE_DEBUG_INFO = NO;
				SDKROOT = iphoneos;
				VALIDATE_PRODUCT = YES;
			};
			name = Release;
		};
		00AF44A01BBB1CF200363F57 /* Debug */ = {
			isa = XCBuildConfiguration;
			buildSettings = {
				ASSETCATALOG_COMPILER_APPICON_NAME = AppIcon;
				INFOPLIST_FILE = Bouncer/Info.plist;
				LD_RUNPATH_SEARCH_PATHS = "$(inherited) @executable_path/Frameworks";
				PRODUCT_BUNDLE_IDENTIFIER = com.appliest.Bouncer;
				PRODUCT_NAME = "$(TARGET_NAME)";
			};
			name = Debug;
		};
		00AF44A11BBB1CF200363F57 /* Release */ = {
			isa = XCBuildConfiguration;
			buildSettings = {
				ASSETCATALOG_COMPILER_APPICON_NAME = AppIcon;
				INFOPLIST_FILE = Bouncer/Info.plist;
				LD_RUNPATH_SEARCH_PATHS = "$(inherited) @executable_path/Frameworks";
				PRODUCT_BUNDLE_IDENTIFIER = com.appliest.Bouncer;
				PRODUCT_NAME = "$(TARGET_NAME)";
			};
			name = Release;
		};
/* End XCBuildConfiguration section */

/* Begin XCConfigurationList section */
		00AF44881BBB1CF200363F57 /* Build configuration list for PBXProject "Bouncer" */ = {
			isa = XCConfigurationList;
			buildConfigurations = (
				00AF449D1BBB1CF200363F57 /* Debug */,
				00AF449E1BBB1CF200363F57 /* Release */,
			);
			defaultConfigurationIsVisible = 0;
			defaultConfigurationName = Release;
		};
		00AF449F1BBB1CF200363F57 /* Build configuration list for PBXNativeTarget "Bouncer" */ = {
			isa = XCConfigurationList;
			buildConfigurations = (
				00AF44A01BBB1CF200363F57 /* Debug */,
				00AF44A11BBB1CF200363F57 /* Release */,
			);
			defaultConfigurationIsVisible = 0;
		};
/* End XCConfigurationList section */
	};
	rootObject = 00AF44851BBB1CF200363F57 /* Project object */;
}
